// !$*UTF8*$!
{
	archiveVersion = 1;
	classes = {
	};
	objectVersion = 46;
	objects = {

/* Begin PBXBuildFile section */
		A91CD35F1C503D0E00F5610E /* FlickrConstants.swift in Sources */ = {isa = PBXBuildFile; fileRef = A91CD35E1C503D0E00F5610E /* FlickrConstants.swift */; };
		A91CD3611C5042B000F5610E /* FlickrQuery.swift in Sources */ = {isa = PBXBuildFile; fileRef = A91CD3601C5042B000F5610E /* FlickrQuery.swift */; };
		A93216081C512FCC00D56CA1 /* FlickrResult.swift in Sources */ = {isa = PBXBuildFile; fileRef = A93216071C512FCC00D56CA1 /* FlickrResult.swift */; };
		A932160B1C51337100D56CA1 /* Alert.swift in Sources */ = {isa = PBXBuildFile; fileRef = A932160A1C51337100D56CA1 /* Alert.swift */; };
		A948C24B1C52707700DD0F0F /* FlickrImageDownloader.swift in Sources */ = {isa = PBXBuildFile; fileRef = A948C24A1C52707700DD0F0F /* FlickrImageDownloader.swift */; };
		A97069411C57B32800F5F2BB /* PhotoBatchDownloader.swift in Sources */ = {isa = PBXBuildFile; fileRef = A97069401C57B32800F5F2BB /* PhotoBatchDownloader.swift */; };
		A99438C81C4EE44F00BFDE9C /* Pin+MKAnnotation.swift in Sources */ = {isa = PBXBuildFile; fileRef = A99438C71C4EE44F00BFDE9C /* Pin+MKAnnotation.swift */; };
		A9BCCAFB1C503316008AB7D6 /* ClientConstants.swift in Sources */ = {isa = PBXBuildFile; fileRef = A9BCCAFA1C503316008AB7D6 /* ClientConstants.swift */; };
		A9BCCAFD1C50332D008AB7D6 /* ClientConvenience.swift in Sources */ = {isa = PBXBuildFile; fileRef = A9BCCAFC1C50332D008AB7D6 /* ClientConvenience.swift */; };
		A9BCCAFF1C50335B008AB7D6 /* FlickrClient.swift in Sources */ = {isa = PBXBuildFile; fileRef = A9BCCAFE1C50335B008AB7D6 /* FlickrClient.swift */; };
		A9D197051C4E75AE00533FCB /* AppDelegate.swift in Sources */ = {isa = PBXBuildFile; fileRef = A9D197041C4E75AE00533FCB /* AppDelegate.swift */; };
		A9D197071C4E75AE00533FCB /* MapViewController.swift in Sources */ = {isa = PBXBuildFile; fileRef = A9D197061C4E75AE00533FCB /* MapViewController.swift */; };
		A9D1970A1C4E75AE00533FCB /* Main.storyboard in Resources */ = {isa = PBXBuildFile; fileRef = A9D197081C4E75AE00533FCB /* Main.storyboard */; };
		A9D1970D1C4E75AE00533FCB /* VirtualTourist.xcdatamodeld in Sources */ = {isa = PBXBuildFile; fileRef = A9D1970B1C4E75AE00533FCB /* VirtualTourist.xcdatamodeld */; };
		A9D1970F1C4E75AE00533FCB /* Assets.xcassets in Resources */ = {isa = PBXBuildFile; fileRef = A9D1970E1C4E75AE00533FCB /* Assets.xcassets */; };
		A9D197121C4E75AE00533FCB /* LaunchScreen.storyboard in Resources */ = {isa = PBXBuildFile; fileRef = A9D197101C4E75AE00533FCB /* LaunchScreen.storyboard */; };
		A9D1971D1C4E761400533FCB /* CoreData.framework in Frameworks */ = {isa = PBXBuildFile; fileRef = A9D1971C1C4E761400533FCB /* CoreData.framework */; };
		A9D1971F1C4E761A00533FCB /* MapKit.framework in Frameworks */ = {isa = PBXBuildFile; fileRef = A9D1971E1C4E761A00533FCB /* MapKit.framework */; };
		A9D197321C4E7A2A00533FCB /* Pin+CoreDataProperties.swift in Sources */ = {isa = PBXBuildFile; fileRef = A9D1972E1C4E7A2A00533FCB /* Pin+CoreDataProperties.swift */; };
		A9D197331C4E7A2A00533FCB /* Pin.swift in Sources */ = {isa = PBXBuildFile; fileRef = A9D1972F1C4E7A2A00533FCB /* Pin.swift */; };
		A9D197341C4E7A2A00533FCB /* Photo+CoreDataProperties.swift in Sources */ = {isa = PBXBuildFile; fileRef = A9D197301C4E7A2A00533FCB /* Photo+CoreDataProperties.swift */; };
		A9D197351C4E7A2A00533FCB /* Photo.swift in Sources */ = {isa = PBXBuildFile; fileRef = A9D197311C4E7A2A00533FCB /* Photo.swift */; };
		A9D197371C4E7A6600533FCB /* CoreDataManager.swift in Sources */ = {isa = PBXBuildFile; fileRef = A9D197361C4E7A6600533FCB /* CoreDataManager.swift */; };
		A9F24BB71C4FEC3C0084E7FD /* PhotosCollectionViewController.swift in Sources */ = {isa = PBXBuildFile; fileRef = A9F24BB61C4FEC3C0084E7FD /* PhotosCollectionViewController.swift */; };
		A9FEE2C81C51A42C00FF4F24 /* PhotoCollectionViewCell.swift in Sources */ = {isa = PBXBuildFile; fileRef = A9FEE2C71C51A42C00FF4F24 /* PhotoCollectionViewCell.swift */; };
		A9FEE2CA1C51AC5000FF4F24 /* PhotoCollectionViewCell.xib in Resources */ = {isa = PBXBuildFile; fileRef = A9FEE2C91C51AC5000FF4F24 /* PhotoCollectionViewCell.xib */; };
/* End PBXBuildFile section */

/* Begin PBXFileReference section */
		A91CD35E1C503D0E00F5610E /* FlickrConstants.swift */ = {isa = PBXFileReference; fileEncoding = 4; lastKnownFileType = sourcecode.swift; path = FlickrConstants.swift; sourceTree = "<group>"; };
		A91CD3601C5042B000F5610E /* FlickrQuery.swift */ = {isa = PBXFileReference; fileEncoding = 4; lastKnownFileType = sourcecode.swift; path = FlickrQuery.swift; sourceTree = "<group>"; };
		A93216071C512FCC00D56CA1 /* FlickrResult.swift */ = {isa = PBXFileReference; fileEncoding = 4; lastKnownFileType = sourcecode.swift; path = FlickrResult.swift; sourceTree = "<group>"; };
		A932160A1C51337100D56CA1 /* Alert.swift */ = {isa = PBXFileReference; fileEncoding = 4; lastKnownFileType = sourcecode.swift; path = Alert.swift; sourceTree = "<group>"; };
		A948C24A1C52707700DD0F0F /* FlickrImageDownloader.swift */ = {isa = PBXFileReference; fileEncoding = 4; lastKnownFileType = sourcecode.swift; path = FlickrImageDownloader.swift; sourceTree = "<group>"; };
		A97069401C57B32800F5F2BB /* PhotoBatchDownloader.swift */ = {isa = PBXFileReference; fileEncoding = 4; lastKnownFileType = sourcecode.swift; path = PhotoBatchDownloader.swift; sourceTree = "<group>"; };
		A99438C71C4EE44F00BFDE9C /* Pin+MKAnnotation.swift */ = {isa = PBXFileReference; fileEncoding = 4; lastKnownFileType = sourcecode.swift; path = "Pin+MKAnnotation.swift"; sourceTree = "<group>"; };
		A9BCCAFA1C503316008AB7D6 /* ClientConstants.swift */ = {isa = PBXFileReference; fileEncoding = 4; lastKnownFileType = sourcecode.swift; path = ClientConstants.swift; sourceTree = "<group>"; };
		A9BCCAFC1C50332D008AB7D6 /* ClientConvenience.swift */ = {isa = PBXFileReference; fileEncoding = 4; lastKnownFileType = sourcecode.swift; path = ClientConvenience.swift; sourceTree = "<group>"; };
		A9BCCAFE1C50335B008AB7D6 /* FlickrClient.swift */ = {isa = PBXFileReference; fileEncoding = 4; lastKnownFileType = sourcecode.swift; path = FlickrClient.swift; sourceTree = "<group>"; };
		A9D197011C4E75AE00533FCB /* VirtualTourist.app */ = {isa = PBXFileReference; explicitFileType = wrapper.application; includeInIndex = 0; path = VirtualTourist.app; sourceTree = BUILT_PRODUCTS_DIR; };
		A9D197041C4E75AE00533FCB /* AppDelegate.swift */ = {isa = PBXFileReference; lastKnownFileType = sourcecode.swift; path = AppDelegate.swift; sourceTree = "<group>"; };
		A9D197061C4E75AE00533FCB /* MapViewController.swift */ = {isa = PBXFileReference; lastKnownFileType = sourcecode.swift; path = MapViewController.swift; sourceTree = "<group>"; };
		A9D197091C4E75AE00533FCB /* Base */ = {isa = PBXFileReference; lastKnownFileType = file.storyboard; name = Base; path = Base.lproj/Main.storyboard; sourceTree = "<group>"; };
		A9D1970C1C4E75AE00533FCB /* VirtualTourist.xcdatamodel */ = {isa = PBXFileReference; lastKnownFileType = wrapper.xcdatamodel; path = VirtualTourist.xcdatamodel; sourceTree = "<group>"; };
		A9D1970E1C4E75AE00533FCB /* Assets.xcassets */ = {isa = PBXFileReference; lastKnownFileType = folder.assetcatalog; path = Assets.xcassets; sourceTree = "<group>"; };
		A9D197111C4E75AE00533FCB /* Base */ = {isa = PBXFileReference; lastKnownFileType = file.storyboard; name = Base; path = Base.lproj/LaunchScreen.storyboard; sourceTree = "<group>"; };
		A9D197131C4E75AE00533FCB /* Info.plist */ = {isa = PBXFileReference; lastKnownFileType = text.plist.xml; path = Info.plist; sourceTree = "<group>"; };
		A9D1971C1C4E761400533FCB /* CoreData.framework */ = {isa = PBXFileReference; lastKnownFileType = wrapper.framework; name = CoreData.framework; path = System/Library/Frameworks/CoreData.framework; sourceTree = SDKROOT; };
		A9D1971E1C4E761A00533FCB /* MapKit.framework */ = {isa = PBXFileReference; lastKnownFileType = wrapper.framework; name = MapKit.framework; path = System/Library/Frameworks/MapKit.framework; sourceTree = SDKROOT; };
		A9D1972E1C4E7A2A00533FCB /* Pin+CoreDataProperties.swift */ = {isa = PBXFileReference; fileEncoding = 4; lastKnownFileType = sourcecode.swift; path = "Pin+CoreDataProperties.swift"; sourceTree = "<group>"; };
		A9D1972F1C4E7A2A00533FCB /* Pin.swift */ = {isa = PBXFileReference; fileEncoding = 4; lastKnownFileType = sourcecode.swift; path = Pin.swift; sourceTree = "<group>"; };
		A9D197301C4E7A2A00533FCB /* Photo+CoreDataProperties.swift */ = {isa = PBXFileReference; fileEncoding = 4; lastKnownFileType = sourcecode.swift; path = "Photo+CoreDataProperties.swift"; sourceTree = "<group>"; };
		A9D197311C4E7A2A00533FCB /* Photo.swift */ = {isa = PBXFileReference; fileEncoding = 4; lastKnownFileType = sourcecode.swift; path = Photo.swift; sourceTree = "<group>"; };
		A9D197361C4E7A6600533FCB /* CoreDataManager.swift */ = {isa = PBXFileReference; fileEncoding = 4; lastKnownFileType = sourcecode.swift; path = CoreDataManager.swift; sourceTree = "<group>"; };
		A9F24BB61C4FEC3C0084E7FD /* PhotosCollectionViewController.swift */ = {isa = PBXFileReference; fileEncoding = 4; lastKnownFileType = sourcecode.swift; path = PhotosCollectionViewController.swift; sourceTree = "<group>"; };
		A9FEE2C71C51A42C00FF4F24 /* PhotoCollectionViewCell.swift */ = {isa = PBXFileReference; fileEncoding = 4; lastKnownFileType = sourcecode.swift; path = PhotoCollectionViewCell.swift; sourceTree = "<group>"; };
		A9FEE2C91C51AC5000FF4F24 /* PhotoCollectionViewCell.xib */ = {isa = PBXFileReference; fileEncoding = 4; lastKnownFileType = file.xib; path = PhotoCollectionViewCell.xib; sourceTree = "<group>"; };
/* End PBXFileReference section */

/* Begin PBXFrameworksBuildPhase section */
		A9D196FE1C4E75AE00533FCB /* Frameworks */ = {
			isa = PBXFrameworksBuildPhase;
			buildActionMask = 2147483647;
			files = (
				A9D1971F1C4E761A00533FCB /* MapKit.framework in Frameworks */,
				A9D1971D1C4E761400533FCB /* CoreData.framework in Frameworks */,
			);
			runOnlyForDeploymentPostprocessing = 0;
		};
/* End PBXFrameworksBuildPhase section */

/* Begin PBXGroup section */
		A93216091C51334400D56CA1 /* Util */ = {
			isa = PBXGroup;
			children = (
				A932160A1C51337100D56CA1 /* Alert.swift */,
			);
			name = Util;
			sourceTree = "<group>";
		};
		A9D196F81C4E75AE00533FCB = {
			isa = PBXGroup;
			children = (
				A9D197031C4E75AE00533FCB /* VirtualTourist */,
				A9D197021C4E75AE00533FCB /* Products */,
			);
			sourceTree = "<group>";
		};
		A9D197021C4E75AE00533FCB /* Products */ = {
			isa = PBXGroup;
			children = (
				A9D197011C4E75AE00533FCB /* VirtualTourist.app */,
			);
			name = Products;
			sourceTree = "<group>";
		};
		A9D197031C4E75AE00533FCB /* VirtualTourist */ = {
			isa = PBXGroup;
			children = (
				A9D197041C4E75AE00533FCB /* AppDelegate.swift */,
				A9D197081C4E75AE00533FCB /* Main.storyboard */,
				A9D197191C4E75D800533FCB /* Data Model */,
				A9D1971A1C4E75EA00533FCB /* View Controllers */,
				A9D1971B1C4E75F500533FCB /* Clients */,
				A93216091C51334400D56CA1 /* Util */,
				A9D197211C4E764C00533FCB /* Supporting */,
			);
			path = VirtualTourist;
			sourceTree = "<group>";
		};
		A9D197191C4E75D800533FCB /* Data Model */ = {
			isa = PBXGroup;
			children = (
				A9D197381C4E7BFB00533FCB /* Store */,
				A9D1972E1C4E7A2A00533FCB /* Pin+CoreDataProperties.swift */,
				A9D1972F1C4E7A2A00533FCB /* Pin.swift */,
				A99438C71C4EE44F00BFDE9C /* Pin+MKAnnotation.swift */,
				A9D197301C4E7A2A00533FCB /* Photo+CoreDataProperties.swift */,
				A9D197311C4E7A2A00533FCB /* Photo.swift */,
			);
			name = "Data Model";
			sourceTree = "<group>";
		};
		A9D1971A1C4E75EA00533FCB /* View Controllers */ = {
			isa = PBXGroup;
			children = (
				A9D197061C4E75AE00533FCB /* MapViewController.swift */,
				A9F24BB61C4FEC3C0084E7FD /* PhotosCollectionViewController.swift */,
				A9FEE2C71C51A42C00FF4F24 /* PhotoCollectionViewCell.swift */,
				A9FEE2C91C51AC5000FF4F24 /* PhotoCollectionViewCell.xib */,
			);
			name = "View Controllers";
			sourceTree = "<group>";
		};
		A9D1971B1C4E75F500533FCB /* Clients */ = {
			isa = PBXGroup;
			children = (
				A9BCCAFA1C503316008AB7D6 /* ClientConstants.swift */,
				A9BCCAFC1C50332D008AB7D6 /* ClientConvenience.swift */,
				A9BCCAFE1C50335B008AB7D6 /* FlickrClient.swift */,
				A91CD35E1C503D0E00F5610E /* FlickrConstants.swift */,
				A91CD3601C5042B000F5610E /* FlickrQuery.swift */,
				A93216071C512FCC00D56CA1 /* FlickrResult.swift */,
				A948C24A1C52707700DD0F0F /* FlickrImageDownloader.swift */,
				A97069401C57B32800F5F2BB /* PhotoBatchDownloader.swift */,
			);
			name = Clients;
			sourceTree = "<group>";
		};
		A9D197201C4E761F00533FCB /* Frameworks */ = {
			isa = PBXGroup;
			children = (
				A9D1971E1C4E761A00533FCB /* MapKit.framework */,
				A9D1971C1C4E761400533FCB /* CoreData.framework */,
			);
			name = Frameworks;
			path = ..;
			sourceTree = "<group>";
		};
		A9D197211C4E764C00533FCB /* Supporting */ = {
			isa = PBXGroup;
			children = (
				A9D197201C4E761F00533FCB /* Frameworks */,
				A9D197101C4E75AE00533FCB /* LaunchScreen.storyboard */,
				A9D1970E1C4E75AE00533FCB /* Assets.xcassets */,
				A9D197131C4E75AE00533FCB /* Info.plist */,
			);
			name = Supporting;
			sourceTree = "<group>";
		};
		A9D197381C4E7BFB00533FCB /* Store */ = {
			isa = PBXGroup;
			children = (
				A9D1970B1C4E75AE00533FCB /* VirtualTourist.xcdatamodeld */,
				A9D197361C4E7A6600533FCB /* CoreDataManager.swift */,
			);
			name = Store;
			sourceTree = "<group>";
		};
/* End PBXGroup section */

/* Begin PBXNativeTarget section */
		A9D197001C4E75AE00533FCB /* VirtualTourist */ = {
			isa = PBXNativeTarget;
			buildConfigurationList = A9D197161C4E75AE00533FCB /* Build configuration list for PBXNativeTarget "VirtualTourist" */;
			buildPhases = (
				A9D196FD1C4E75AE00533FCB /* Sources */,
				A9D196FE1C4E75AE00533FCB /* Frameworks */,
				A9D196FF1C4E75AE00533FCB /* Resources */,
			);
			buildRules = (
			);
			dependencies = (
			);
			name = VirtualTourist;
			productName = VirtualTourist;
			productReference = A9D197011C4E75AE00533FCB /* VirtualTourist.app */;
			productType = "com.apple.product-type.application";
		};
/* End PBXNativeTarget section */

/* Begin PBXProject section */
		A9D196F91C4E75AE00533FCB /* Project object */ = {
			isa = PBXProject;
			attributes = {
				LastSwiftUpdateCheck = 0720;
				LastUpgradeCheck = 0720;
				ORGANIZATIONNAME = "Bill Dawson";
				TargetAttributes = {
					A9D197001C4E75AE00533FCB = {
						CreatedOnToolsVersion = 7.2;
					};
				};
			};
			buildConfigurationList = A9D196FC1C4E75AE00533FCB /* Build configuration list for PBXProject "VirtualTourist" */;
			compatibilityVersion = "Xcode 3.2";
			developmentRegion = English;
			hasScannedForEncodings = 0;
			knownRegions = (
				en,
				Base,
			);
			mainGroup = A9D196F81C4E75AE00533FCB;
			productRefGroup = A9D197021C4E75AE00533FCB /* Products */;
			projectDirPath = "";
			projectRoot = "";
			targets = (
				A9D197001C4E75AE00533FCB /* VirtualTourist */,
			);
		};
/* End PBXProject section */

/* Begin PBXResourcesBuildPhase section */
		A9D196FF1C4E75AE00533FCB /* Resources */ = {
			isa = PBXResourcesBuildPhase;
			buildActionMask = 2147483647;
			files = (
				A9D197121C4E75AE00533FCB /* LaunchScreen.storyboard in Resources */,
				A9FEE2CA1C51AC5000FF4F24 /* PhotoCollectionViewCell.xib in Resources */,
				A9D1970F1C4E75AE00533FCB /* Assets.xcassets in Resources */,
				A9D1970A1C4E75AE00533FCB /* Main.storyboard in Resources */,
			);
			runOnlyForDeploymentPostprocessing = 0;
		};
/* End PBXResourcesBuildPhase section */

/* Begin PBXSourcesBuildPhase section */
		A9D196FD1C4E75AE00533FCB /* Sources */ = {
			isa = PBXSourcesBuildPhase;
			buildActionMask = 2147483647;
			files = (
				A948C24B1C52707700DD0F0F /* FlickrImageDownloader.swift in Sources */,
				A91CD35F1C503D0E00F5610E /* FlickrConstants.swift in Sources */,
				A9D197351C4E7A2A00533FCB /* Photo.swift in Sources */,
				A9BCCAFF1C50335B008AB7D6 /* FlickrClient.swift in Sources */,
				A97069411C57B32800F5F2BB /* PhotoBatchDownloader.swift in Sources */,
				A932160B1C51337100D56CA1 /* Alert.swift in Sources */,
				A9D197341C4E7A2A00533FCB /* Photo+CoreDataProperties.swift in Sources */,
				A9FEE2C81C51A42C00FF4F24 /* PhotoCollectionViewCell.swift in Sources */,
				A9BCCAFD1C50332D008AB7D6 /* ClientConvenience.swift in Sources */,
				A91CD3611C5042B000F5610E /* FlickrQuery.swift in Sources */,
				A9D197331C4E7A2A00533FCB /* Pin.swift in Sources */,
				A93216081C512FCC00D56CA1 /* FlickrResult.swift in Sources */,
				A9F24BB71C4FEC3C0084E7FD /* PhotosCollectionViewController.swift in Sources */,
				A9D197071C4E75AE00533FCB /* MapViewController.swift in Sources */,
				A9D197321C4E7A2A00533FCB /* Pin+CoreDataProperties.swift in Sources */,
				A9D197051C4E75AE00533FCB /* AppDelegate.swift in Sources */,
				A9D197371C4E7A6600533FCB /* CoreDataManager.swift in Sources */,
				A9BCCAFB1C503316008AB7D6 /* ClientConstants.swift in Sources */,
				A99438C81C4EE44F00BFDE9C /* Pin+MKAnnotation.swift in Sources */,
				A9D1970D1C4E75AE00533FCB /* VirtualTourist.xcdatamodeld in Sources */,
			);
			runOnlyForDeploymentPostprocessing = 0;
		};
/* End PBXSourcesBuildPhase section */

/* Begin PBXVariantGroup section */
		A9D197081C4E75AE00533FCB /* Main.storyboard */ = {
			isa = PBXVariantGroup;
			children = (
				A9D197091C4E75AE00533FCB /* Base */,
			);
			name = Main.storyboard;
			sourceTree = "<group>";
		};
		A9D197101C4E75AE00533FCB /* LaunchScreen.storyboard */ = {
			isa = PBXVariantGroup;
			children = (
				A9D197111C4E75AE00533FCB /* Base */,
			);
			name = LaunchScreen.storyboard;
			sourceTree = "<group>";
		};
/* End PBXVariantGroup section */

/* Begin XCBuildConfiguration section */
		A9D197141C4E75AE00533FCB /* Debug */ = {
			isa = XCBuildConfiguration;
			buildSettings = {
				ALWAYS_SEARCH_USER_PATHS = NO;
				CLANG_CXX_LANGUAGE_STANDARD = "gnu++0x";
				CLANG_CXX_LIBRARY = "libc++";
				CLANG_ENABLE_MODULES = YES;
				CLANG_ENABLE_OBJC_ARC = YES;
				CLANG_WARN_BOOL_CONVERSION = YES;
				CLANG_WARN_CONSTANT_CONVERSION = YES;
				CLANG_WARN_DIRECT_OBJC_ISA_USAGE = YES_ERROR;
				CLANG_WARN_EMPTY_BODY = YES;
				CLANG_WARN_ENUM_CONVERSION = YES;
				CLANG_WARN_INT_CONVERSION = YES;
				CLANG_WARN_OBJC_ROOT_CLASS = YES_ERROR;
				CLANG_WARN_UNREACHABLE_CODE = YES;
				CLANG_WARN__DUPLICATE_METHOD_MATCH = YES;
				"CODE_SIGN_IDENTITY[sdk=iphoneos*]" = "iPhone Developer";
				COPY_PHASE_STRIP = NO;
				DEBUG_INFORMATION_FORMAT = dwarf;
				ENABLE_STRICT_OBJC_MSGSEND = YES;
				ENABLE_TESTABILITY = YES;
				GCC_C_LANGUAGE_STANDARD = gnu99;
				GCC_DYNAMIC_NO_PIC = NO;
				GCC_NO_COMMON_BLOCKS = YES;
				GCC_OPTIMIZATION_LEVEL = 0;
				GCC_PREPROCESSOR_DEFINITIONS = (
					"DEBUG=1",
					"$(inherited)",
				);
				GCC_WARN_64_TO_32_BIT_CONVERSION = YES;
				GCC_WARN_ABOUT_RETURN_TYPE = YES_ERROR;
				GCC_WARN_UNDECLARED_SELECTOR = YES;
				GCC_WARN_UNINITIALIZED_AUTOS = YES_AGGRESSIVE;
				GCC_WARN_UNUSED_FUNCTION = YES;
				GCC_WARN_UNUSED_VARIABLE = YES;
				IPHONEOS_DEPLOYMENT_TARGET = 9.2;
				MTL_ENABLE_DEBUG_INFO = YES;
				ONLY_ACTIVE_ARCH = YES;
				SDKROOT = iphoneos;
				SWIFT_OPTIMIZATION_LEVEL = "-Onone";
				TARGETED_DEVICE_FAMILY = "1,2";
			};
			name = Debug;
		};
		A9D197151C4E75AE00533FCB /* Release */ = {
			isa = XCBuildConfiguration;
			buildSettings = {
				ALWAYS_SEARCH_USER_PATHS = NO;
				CLANG_CXX_LANGUAGE_STANDARD = "gnu++0x";
				CLANG_CXX_LIBRARY = "libc++";
				CLANG_ENABLE_MODULES = YES;
				CLANG_ENABLE_OBJC_ARC = YES;
				CLANG_WARN_BOOL_CONVERSION = YES;
				CLANG_WARN_CONSTANT_CONVERSION = YES;
				CLANG_WARN_DIRECT_OBJC_ISA_USAGE = YES_ERROR;
				CLANG_WARN_EMPTY_BODY = YES;
				CLANG_WARN_ENUM_CONVERSION = YES;
				CLANG_WARN_INT_CONVERSION = YES;
				CLANG_WARN_OBJC_ROOT_CLASS = YES_ERROR;
				CLANG_WARN_UNREACHABLE_CODE = YES;
				CLANG_WARN__DUPLICATE_METHOD_MATCH = YES;
				"CODE_SIGN_IDENTITY[sdk=iphoneos*]" = "iPhone Developer";
				COPY_PHASE_STRIP = NO;
				DEBUG_INFORMATION_FORMAT = "dwarf-with-dsym";
				ENABLE_NS_ASSERTIONS = NO;
				ENABLE_STRICT_OBJC_MSGSEND = YES;
				GCC_C_LANGUAGE_STANDARD = gnu99;
				GCC_NO_COMMON_BLOCKS = YES;
				GCC_WARN_64_TO_32_BIT_CONVERSION = YES;
				GCC_WARN_ABOUT_RETURN_TYPE = YES_ERROR;
				GCC_WARN_UNDECLARED_SELECTOR = YES;
				GCC_WARN_UNINITIALIZED_AUTOS = YES_AGGRESSIVE;
				GCC_WARN_UNUSED_FUNCTION = YES;
				GCC_WARN_UNUSED_VARIABLE = YES;
				IPHONEOS_DEPLOYMENT_TARGET = 9.2;
				MTL_ENABLE_DEBUG_INFO = NO;
				SDKROOT = iphoneos;
				TARGETED_DEVICE_FAMILY = "1,2";
				VALIDATE_PRODUCT = YES;
			};
			name = Release;
		};
		A9D197171C4E75AE00533FCB /* Debug */ = {
			isa = XCBuildConfiguration;
			buildSettings = {
				ASSETCATALOG_COMPILER_APPICON_NAME = AppIcon;
				CLANG_ENABLE_MODULES = YES;
				INFOPLIST_FILE = VirtualTourist/Info.plist;
				LD_RUNPATH_SEARCH_PATHS = "$(inherited) @executable_path/Frameworks";
				PRODUCT_BUNDLE_IDENTIFIER = com.billdawson.VirtualTourist;
				PRODUCT_NAME = "$(TARGET_NAME)";
				SWIFT_OPTIMIZATION_LEVEL = "-Onone";
			};
			name = Debug;
		};
		A9D197181C4E75AE00533FCB /* Release */ = {
			isa = XCBuildConfiguration;
			buildSettings = {
				ASSETCATALOG_COMPILER_APPICON_NAME = AppIcon;
				CLANG_ENABLE_MODULES = YES;
				INFOPLIST_FILE = VirtualTourist/Info.plist;
				LD_RUNPATH_SEARCH_PATHS = "$(inherited) @executable_path/Frameworks";
				PRODUCT_BUNDLE_IDENTIFIER = com.billdawson.VirtualTourist;
				PRODUCT_NAME = "$(TARGET_NAME)";
			};
			name = Release;
		};
/* End XCBuildConfiguration section */

/* Begin XCConfigurationList section */
		A9D196FC1C4E75AE00533FCB /* Build configuration list for PBXProject "VirtualTourist" */ = {
			isa = XCConfigurationList;
			buildConfigurations = (
				A9D197141C4E75AE00533FCB /* Debug */,
				A9D197151C4E75AE00533FCB /* Release */,
			);
			defaultConfigurationIsVisible = 0;
			defaultConfigurationName = Release;
		};
		A9D197161C4E75AE00533FCB /* Build configuration list for PBXNativeTarget "VirtualTourist" */ = {
			isa = XCConfigurationList;
			buildConfigurations = (
				A9D197171C4E75AE00533FCB /* Debug */,
				A9D197181C4E75AE00533FCB /* Release */,
			);
			defaultConfigurationIsVisible = 0;
			defaultConfigurationName = Release;
		};
/* End XCConfigurationList section */

/* Begin XCVersionGroup section */
		A9D1970B1C4E75AE00533FCB /* VirtualTourist.xcdatamodeld */ = {
			isa = XCVersionGroup;
			children = (
				A9D1970C1C4E75AE00533FCB /* VirtualTourist.xcdatamodel */,
			);
			currentVersion = A9D1970C1C4E75AE00533FCB /* VirtualTourist.xcdatamodel */;
			path = VirtualTourist.xcdatamodeld;
			sourceTree = "<group>";
			versionGroupType = wrapper.xcdatamodel;
		};
/* End XCVersionGroup section */
	};
	rootObject = A9D196F91C4E75AE00533FCB /* Project object */;
}
